// !$*UTF8*$!
{
	archiveVersion = 1;
	classes = {
	};
	objectVersion = 50;
	objects = {

/* Begin PBXBuildFile section */
		211D159923BA12B900A3BA11 /* AppDelegate.swift in Sources */ = {isa = PBXBuildFile; fileRef = 211D159823BA12B900A3BA11 /* AppDelegate.swift */; };
		211D159B23BA12B900A3BA11 /* SceneDelegate.swift in Sources */ = {isa = PBXBuildFile; fileRef = 211D159A23BA12B900A3BA11 /* SceneDelegate.swift */; };
		211D15A023BA12B900A3BA11 /* Main.storyboard in Resources */ = {isa = PBXBuildFile; fileRef = 211D159E23BA12B900A3BA11 /* Main.storyboard */; };
		211D15A223BA12BA00A3BA11 /* Assets.xcassets in Resources */ = {isa = PBXBuildFile; fileRef = 211D15A123BA12BA00A3BA11 /* Assets.xcassets */; };
		211D15A523BA12BA00A3BA11 /* LaunchScreen.storyboard in Resources */ = {isa = PBXBuildFile; fileRef = 211D15A323BA12BA00A3BA11 /* LaunchScreen.storyboard */; };
		211D15AE23BA138F00A3BA11 /* IndexViewController.swift in Sources */ = {isa = PBXBuildFile; fileRef = 211D15AC23BA138F00A3BA11 /* IndexViewController.swift */; };
		211D15AF23BA138F00A3BA11 /* IndexViewController.xib in Resources */ = {isa = PBXBuildFile; fileRef = 211D15AD23BA138F00A3BA11 /* IndexViewController.xib */; };
		211D15B223BA189900A3BA11 /* DetailViewController.swift in Sources */ = {isa = PBXBuildFile; fileRef = 211D15B023BA189900A3BA11 /* DetailViewController.swift */; };
		211D15B323BA189900A3BA11 /* DetailViewController.xib in Resources */ = {isa = PBXBuildFile; fileRef = 211D15B123BA189900A3BA11 /* DetailViewController.xib */; };
/* End PBXBuildFile section */

/* Begin PBXFileReference section */
		211D159523BA12B900A3BA11 /* OtherIntroduction.app */ = {isa = PBXFileReference; explicitFileType = wrapper.application; includeInIndex = 0; path = OtherIntroduction.app; sourceTree = BUILT_PRODUCTS_DIR; };
		211D159823BA12B900A3BA11 /* AppDelegate.swift */ = {isa = PBXFileReference; lastKnownFileType = sourcecode.swift; path = AppDelegate.swift; sourceTree = "<group>"; };
		211D159A23BA12B900A3BA11 /* SceneDelegate.swift */ = {isa = PBXFileReference; lastKnownFileType = sourcecode.swift; path = SceneDelegate.swift; sourceTree = "<group>"; };
		211D159F23BA12B900A3BA11 /* Base */ = {isa = PBXFileReference; lastKnownFileType = file.storyboard; name = Base; path = Base.lproj/Main.storyboard; sourceTree = "<group>"; };
		211D15A123BA12BA00A3BA11 /* Assets.xcassets */ = {isa = PBXFileReference; lastKnownFileType = folder.assetcatalog; path = Assets.xcassets; sourceTree = "<group>"; };
		211D15A423BA12BA00A3BA11 /* Base */ = {isa = PBXFileReference; lastKnownFileType = file.storyboard; name = Base; path = Base.lproj/LaunchScreen.storyboard; sourceTree = "<group>"; };
		211D15A623BA12BA00A3BA11 /* Info.plist */ = {isa = PBXFileReference; lastKnownFileType = text.plist.xml; path = Info.plist; sourceTree = "<group>"; };
		211D15AC23BA138F00A3BA11 /* IndexViewController.swift */ = {isa = PBXFileReference; lastKnownFileType = sourcecode.swift; path = IndexViewController.swift; sourceTree = "<group>"; };
		211D15AD23BA138F00A3BA11 /* IndexViewController.xib */ = {isa = PBXFileReference; lastKnownFileType = file.xib; path = IndexViewController.xib; sourceTree = "<group>"; };
		211D15B023BA189900A3BA11 /* DetailViewController.swift */ = {isa = PBXFileReference; lastKnownFileType = sourcecode.swift; path = DetailViewController.swift; sourceTree = "<group>"; };
		211D15B123BA189900A3BA11 /* DetailViewController.xib */ = {isa = PBXFileReference; lastKnownFileType = file.xib; path = DetailViewController.xib; sourceTree = "<group>"; };
/* End PBXFileReference section */

/* Begin PBXFrameworksBuildPhase section */
		211D159223BA12B900A3BA11 /* Frameworks */ = {
			isa = PBXFrameworksBuildPhase;
			buildActionMask = 2147483647;
			files = (
			);
			runOnlyForDeploymentPostprocessing = 0;
		};
/* End PBXFrameworksBuildPhase section */

/* Begin PBXGroup section */
		211D158C23BA12B900A3BA11 = {
			isa = PBXGroup;
			children = (
				211D159723BA12B900A3BA11 /* OtherIntroduction */,
				211D159623BA12B900A3BA11 /* Products */,
			);
			sourceTree = "<group>";
		};
		211D159623BA12B900A3BA11 /* Products */ = {
			isa = PBXGroup;
			children = (
				211D159523BA12B900A3BA11 /* OtherIntroduction.app */,
			);
			name = Products;
			sourceTree = "<group>";
		};
		211D159723BA12B900A3BA11 /* OtherIntroduction */ = {
			isa = PBXGroup;
			children = (
				211D159823BA12B900A3BA11 /* AppDelegate.swift */,
				211D159A23BA12B900A3BA11 /* SceneDelegate.swift */,
				211D15AC23BA138F00A3BA11 /* IndexViewController.swift */,
				211D15AD23BA138F00A3BA11 /* IndexViewController.xib */,
				211D15B023BA189900A3BA11 /* DetailViewController.swift */,
				211D15B123BA189900A3BA11 /* DetailViewController.xib */,
				211D159E23BA12B900A3BA11 /* Main.storyboard */,
				211D15A123BA12BA00A3BA11 /* Assets.xcassets */,
				211D15A323BA12BA00A3BA11 /* LaunchScreen.storyboard */,
				211D15A623BA12BA00A3BA11 /* Info.plist */,
			);
			path = OtherIntroduction;
			sourceTree = "<group>";
		};
/* End PBXGroup section */

/* Begin PBXNativeTarget section */
		211D159423BA12B900A3BA11 /* OtherIntroduction */ = {
			isa = PBXNativeTarget;
			buildConfigurationList = 211D15A923BA12BA00A3BA11 /* Build configuration list for PBXNativeTarget "OtherIntroduction" */;
			buildPhases = (
				211D159123BA12B900A3BA11 /* Sources */,
				211D159223BA12B900A3BA11 /* Frameworks */,
				211D159323BA12B900A3BA11 /* Resources */,
			);
			buildRules = (
			);
			dependencies = (
			);
			name = OtherIntroduction;
			productName = OtherIntroduction;
			productReference = 211D159523BA12B900A3BA11 /* OtherIntroduction.app */;
			productType = "com.apple.product-type.application";
		};
/* End PBXNativeTarget section */

/* Begin PBXProject section */
		211D158D23BA12B900A3BA11 /* Project object */ = {
			isa = PBXProject;
			attributes = {
				LastSwiftUpdateCheck = 1120;
				LastUpgradeCheck = 1120;
				ORGANIZATIONNAME = "勝間康介";
				TargetAttributes = {
					211D159423BA12B900A3BA11 = {
						CreatedOnToolsVersion = 11.2.1;
					};
				};
			};
			buildConfigurationList = 211D159023BA12B900A3BA11 /* Build configuration list for PBXProject "OtherIntroduction" */;
			compatibilityVersion = "Xcode 9.3";
			developmentRegion = en;
			hasScannedForEncodings = 0;
			knownRegions = (
				en,
				Base,
			);
			mainGroup = 211D158C23BA12B900A3BA11;
			productRefGroup = 211D159623BA12B900A3BA11 /* Products */;
			projectDirPath = "";
			projectRoot = "";
			targets = (
				211D159423BA12B900A3BA11 /* OtherIntroduction */,
			);
		};
/* End PBXProject section */

/* Begin PBXResourcesBuildPhase section */
		211D159323BA12B900A3BA11 /* Resources */ = {
			isa = PBXResourcesBuildPhase;
			buildActionMask = 2147483647;
			files = (
				211D15A523BA12BA00A3BA11 /* LaunchScreen.storyboard in Resources */,
				211D15A223BA12BA00A3BA11 /* Assets.xcassets in Resources */,
				211D15B323BA189900A3BA11 /* DetailViewController.xib in Resources */,
				211D15A023BA12B900A3BA11 /* Main.storyboard in Resources */,
				211D15AF23BA138F00A3BA11 /* IndexViewController.xib in Resources */,
			);
			runOnlyForDeploymentPostprocessing = 0;
		};
/* End PBXResourcesBuildPhase section */

/* Begin PBXSourcesBuildPhase section */
		211D159123BA12B900A3BA11 /* Sources */ = {
			isa = PBXSourcesBuildPhase;
			buildActionMask = 2147483647;
			files = (
				211D159923BA12B900A3BA11 /* AppDelegate.swift in Sources */,
				211D159B23BA12B900A3BA11 /* SceneDelegate.swift in Sources */,
				211D15AE23BA138F00A3BA11 /* IndexViewController.swift in Sources */,
				211D15B223BA189900A3BA11 /* DetailViewController.swift in Sources */,
			);
			runOnlyForDeploymentPostprocessing = 0;
		};
/* End PBXSourcesBuildPhase section */

/* Begin PBXVariantGroup section */
		211D159E23BA12B900A3BA11 /* Main.storyboard */ = {
			isa = PBXVariantGroup;
			children = (
				211D159F23BA12B900A3BA11 /* Base */,
			);
			name = Main.storyboard;
			sourceTree = "<group>";
		};
		211D15A323BA12BA00A3BA11 /* LaunchScreen.storyboard */ = {
			isa = PBXVariantGroup;
			children = (
				211D15A423BA12BA00A3BA11 /* Base */,
			);
			name = LaunchScreen.storyboard;
			sourceTree = "<group>";
		};
/* End PBXVariantGroup section */

/* Begin XCBuildConfiguration section */
		211D15A723BA12BA00A3BA11 /* Debug */ = {
			isa = XCBuildConfiguration;
			buildSettings = {
				ALWAYS_SEARCH_USER_PATHS = NO;
				CLANG_ANALYZER_NONNULL = YES;
				CLANG_ANALYZER_NUMBER_OBJECT_CONVERSION = YES_AGGRESSIVE;
				CLANG_CXX_LANGUAGE_STANDARD = "gnu++14";
				CLANG_CXX_LIBRARY = "libc++";
				CLANG_ENABLE_MODULES = YES;
				CLANG_ENABLE_OBJC_ARC = YES;
				CLANG_ENABLE_OBJC_WEAK = YES;
				CLANG_WARN_BLOCK_CAPTURE_AUTORELEASING = YES;
				CLANG_WARN_BOOL_CONVERSION = YES;
				CLANG_WARN_COMMA = YES;
				CLANG_WARN_CONSTANT_CONVERSION = YES;
				CLANG_WARN_DEPRECATED_OBJC_IMPLEMENTATIONS = YES;
				CLANG_WARN_DIRECT_OBJC_ISA_USAGE = YES_ERROR;
				CLANG_WARN_DOCUMENTATION_COMMENTS = YES;
				CLANG_WARN_EMPTY_BODY = YES;
				CLANG_WARN_ENUM_CONVERSION = YES;
				CLANG_WARN_INFINITE_RECURSION = YES;
				CLANG_WARN_INT_CONVERSION = YES;
				CLANG_WARN_NON_LITERAL_NULL_CONVERSION = YES;
				CLANG_WARN_OBJC_IMPLICIT_RETAIN_SELF = YES;
				CLANG_WARN_OBJC_LITERAL_CONVERSION = YES;
				CLANG_WARN_OBJC_ROOT_CLASS = YES_ERROR;
				CLANG_WARN_RANGE_LOOP_ANALYSIS = YES;
				CLANG_WARN_STRICT_PROTOTYPES = YES;
				CLANG_WARN_SUSPICIOUS_MOVE = YES;
				CLANG_WARN_UNGUARDED_AVAILABILITY = YES_AGGRESSIVE;
				CLANG_WARN_UNREACHABLE_CODE = YES;
				CLANG_WARN__DUPLICATE_METHOD_MATCH = YES;
				COPY_PHASE_STRIP = NO;
				DEBUG_INFORMATION_FORMAT = dwarf;
				ENABLE_STRICT_OBJC_MSGSEND = YES;
				ENABLE_TESTABILITY = YES;
				GCC_C_LANGUAGE_STANDARD = gnu11;
				GCC_DYNAMIC_NO_PIC = NO;
				GCC_NO_COMMON_BLOCKS = YES;
				GCC_OPTIMIZATION_LEVEL = 0;
				GCC_PREPROCESSOR_DEFINITIONS = (
					"DEBUG=1",
					"$(inherited)",
				);
				GCC_WARN_64_TO_32_BIT_CONVERSION = YES;
				GCC_WARN_ABOUT_RETURN_TYPE = YES_ERROR;
				GCC_WARN_UNDECLARED_SELECTOR = YES;
				GCC_WARN_UNINITIALIZED_AUTOS = YES_AGGRESSIVE;
				GCC_WARN_UNUSED_FUNCTION = YES;
				GCC_WARN_UNUSED_VARIABLE = YES;
				IPHONEOS_DEPLOYMENT_TARGET = 13.2;
				MTL_ENABLE_DEBUG_INFO = INCLUDE_SOURCE;
				MTL_FAST_MATH = YES;
				ONLY_ACTIVE_ARCH = YES;
				SDKROOT = iphoneos;
				SWIFT_ACTIVE_COMPILATION_CONDITIONS = DEBUG;
				SWIFT_OPTIMIZATION_LEVEL = "-Onone";
			};
			name = Debug;
		};
		211D15A823BA12BA00A3BA11 /* Release */ = {
			isa = XCBuildConfiguration;
			buildSettings = {
				ALWAYS_SEARCH_USER_PATHS = NO;
				CLANG_ANALYZER_NONNULL = YES;
				CLANG_ANALYZER_NUMBER_OBJECT_CONVERSION = YES_AGGRESSIVE;
				CLANG_CXX_LANGUAGE_STANDARD = "gnu++14";
				CLANG_CXX_LIBRARY = "libc++";
				CLANG_ENABLE_MODULES = YES;
				CLANG_ENABLE_OBJC_ARC = YES;
				CLANG_ENABLE_OBJC_WEAK = YES;
				CLANG_WARN_BLOCK_CAPTURE_AUTORELEASING = YES;
				CLANG_WARN_BOOL_CONVERSION = YES;
				CLANG_WARN_COMMA = YES;
				CLANG_WARN_CONSTANT_CONVERSION = YES;
				CLANG_WARN_DEPRECATED_OBJC_IMPLEMENTATIONS = YES;
				CLANG_WARN_DIRECT_OBJC_ISA_USAGE = YES_ERROR;
				CLANG_WARN_DOCUMENTATION_COMMENTS = YES;
				CLANG_WARN_EMPTY_BODY = YES;
				CLANG_WARN_ENUM_CONVERSION = YES;
				CLANG_WARN_INFINITE_RECURSION = YES;
				CLANG_WARN_INT_CONVERSION = YES;
				CLANG_WARN_NON_LITERAL_NULL_CONVERSION = YES;
				CLANG_WARN_OBJC_IMPLICIT_RETAIN_SELF = YES;
				CLANG_WARN_OBJC_LITERAL_CONVERSION = YES;
				CLANG_WARN_OBJC_ROOT_CLASS = YES_ERROR;
				CLANG_WARN_RANGE_LOOP_ANALYSIS = YES;
				CLANG_WARN_STRICT_PROTOTYPES = YES;
				CLANG_WARN_SUSPICIOUS_MOVE = YES;
				CLANG_WARN_UNGUARDED_AVAILABILITY = YES_AGGRESSIVE;
				CLANG_WARN_UNREACHABLE_CODE = YES;
				CLANG_WARN__DUPLICATE_METHOD_MATCH = YES;
				COPY_PHASE_STRIP = NO;
				DEBUG_INFORMATION_FORMAT = "dwarf-with-dsym";
				ENABLE_NS_ASSERTIONS = NO;
				ENABLE_STRICT_OBJC_MSGSEND = YES;
				GCC_C_LANGUAGE_STANDARD = gnu11;
				GCC_NO_COMMON_BLOCKS = YES;
				GCC_WARN_64_TO_32_BIT_CONVERSION = YES;
				GCC_WARN_ABOUT_RETURN_TYPE = YES_ERROR;
				GCC_WARN_UNDECLARED_SELECTOR = YES;
				GCC_WARN_UNINITIALIZED_AUTOS = YES_AGGRESSIVE;
				GCC_WARN_UNUSED_FUNCTION = YES;
				GCC_WARN_UNUSED_VARIABLE = YES;
				IPHONEOS_DEPLOYMENT_TARGET = 13.2;
				MTL_ENABLE_DEBUG_INFO = NO;
				MTL_FAST_MATH = YES;
				SDKROOT = iphoneos;
				SWIFT_COMPILATION_MODE = wholemodule;
				SWIFT_OPTIMIZATION_LEVEL = "-O";
				VALIDATE_PRODUCT = YES;
			};
			name = Release;
		};
		211D15AA23BA12BA00A3BA11 /* Debug */ = {
			isa = XCBuildConfiguration;
			buildSettings = {
				ASSETCATALOG_COMPILER_APPICON_NAME = AppIcon;
				CODE_SIGN_STYLE = Automatic;
				INFOPLIST_FILE = OtherIntroduction/Info.plist;
				LD_RUNPATH_SEARCH_PATHS = (
					"$(inherited)",
					"@executable_path/Frameworks",
				);
				PRODUCT_BUNDLE_IDENTIFIER = kosuke.OtherIntroduction;
				PRODUCT_NAME = "$(TARGET_NAME)";
				SWIFT_VERSION = 5.0;
				TARGETED_DEVICE_FAMILY = "1,2";
			};
			name = Debug;
		};
		211D15AB23BA12BA00A3BA11 /* Release */ = {
			isa = XCBuildConfiguration;
			buildSettings = {
				ASSETCATALOG_COMPILER_APPICON_NAME = AppIcon;
				CODE_SIGN_STYLE = Automatic;
				INFOPLIST_FILE = OtherIntroduction/Info.plist;
				LD_RUNPATH_SEARCH_PATHS = (
					"$(inherited)",
					"@executable_path/Frameworks",
				);
				PRODUCT_BUNDLE_IDENTIFIER = kosuke.OtherIntroduction;
				PRODUCT_NAME = "$(TARGET_NAME)";
				SWIFT_VERSION = 5.0;
				TARGETED_DEVICE_FAMILY = "1,2";
			};
			name = Release;
		};
/* End XCBuildConfiguration section */

/* Begin XCConfigurationList section */
		211D159023BA12B900A3BA11 /* Build configuration list for PBXProject "OtherIntroduction" */ = {
			isa = XCConfigurationList;
			buildConfigurations = (
				211D15A723BA12BA00A3BA11 /* Debug */,
				211D15A823BA12BA00A3BA11 /* Release */,
			);
			defaultConfigurationIsVisible = 0;
			defaultConfigurationName = Release;
		};
		211D15A923BA12BA00A3BA11 /* Build configuration list for PBXNativeTarget "OtherIntroduction" */ = {
			isa = XCConfigurationList;
			buildConfigurations = (
				211D15AA23BA12BA00A3BA11 /* Debug */,
				211D15AB23BA12BA00A3BA11 /* Release */,
			);
			defaultConfigurationIsVisible = 0;
			defaultConfigurationName = Release;
		};
/* End XCConfigurationList section */
	};
	rootObject = 211D158D23BA12B900A3BA11 /* Project object */;
}
